
Microsoft Visual Studio Solution File, Format Version 12.00
# Visual Studio Version 17
VisualStudioVersion = 17.0.31919.166
MinimumVisualStudioVersion = 10.0.40219.1
Project("{FAE04EC0-301F-11D3-BF4B-00C04F79EFBC}") = "CreditaNelas", "CreditaNelas.csproj", "{76BDE282-6613-4D21-B008-F14783B8C7EF}"
EndProject
Global
	GlobalSection(SolutionConfigurationPlatforms) = preSolution
		Debug|Any CPU = Debug|Any CPU
		Release|Any CPU = Release|Any CPU
	EndGlobalSection
	GlobalSection(ProjectConfigurationPlatforms) = postSolution
		{76BDE282-6613-4D21-B008-F14783B8C7EF}.Debug|Any CPU.ActiveCfg = Debug|Any CPU
		{76BDE282-6613-4D21-B008-F14783B8C7EF}.Debug|Any CPU.Build.0 = Debug|Any CPU
		{76BDE282-6613-4D21-B008-F14783B8C7EF}.Release|Any CPU.ActiveCfg = Release|Any CPU
		{76BDE282-6613-4D21-B008-F14783B8C7EF}.Release|Any CPU.Build.0 = Release|Any CPU
	EndGlobalSection
	GlobalSection(SolutionProperties) = preSolution
		HideSolutionNode = FALSE
	EndGlobalSection
	GlobalSection(ExtensibilityGlobals) = postSolution
		SolutionGuid = {1F2C4E43-E98C-4122-AF26-7560914646C3}
	EndGlobalSection
EndGlobal
